
Microsoft Visual Studio Solution File, Format Version 12.00
# Visual Studio Version 17
VisualStudioVersion = 17.12.35707.178 d17.12
MinimumVisualStudioVersion = 10.0.40219.1
Project("{FAE04EC0-301F-11D3-BF4B-00C04F79EFBC}") = "TaxiFair.WebApp", "TaxiFair.WebApp\TaxiFair.WebApp.csproj", "{2CCC95B0-2F29-4F79-8EEF-1C1D52AA7C1D}"
EndProject
Project("{FAE04EC0-301F-11D3-BF4B-00C04F79EFBC}") = "TaxiFairTrainer", "TaxiFairTrainer\TaxiFairTrainer.csproj", "{EB83C91E-7CD1-49D5-BFEA-4911D477D7D8}"
EndProject
Project("{FAE04EC0-301F-11D3-BF4B-00C04F79EFBC}") = "TaxiFarePrediction_ConsoleApp1", "TaxiFarePrediction_ConsoleApp1\TaxiFarePrediction_ConsoleApp1.csproj", "{796E8035-77FF-41DE-9D20-558C18E40FC5}"
EndProject
Global
	GlobalSection(SolutionConfigurationPlatforms) = preSolution
		Debug|Any CPU = Debug|Any CPU
		Release|Any CPU = Release|Any CPU
	EndGlobalSection
	GlobalSection(ProjectConfigurationPlatforms) = postSolution
		{2CCC95B0-2F29-4F79-8EEF-1C1D52AA7C1D}.Debug|Any CPU.ActiveCfg = Debug|Any CPU
		{2CCC95B0-2F29-4F79-8EEF-1C1D52AA7C1D}.Debug|Any CPU.Build.0 = Debug|Any CPU
		{2CCC95B0-2F29-4F79-8EEF-1C1D52AA7C1D}.Release|Any CPU.ActiveCfg = Release|Any CPU
		{2CCC95B0-2F29-4F79-8EEF-1C1D52AA7C1D}.Release|Any CPU.Build.0 = Release|Any CPU
		{EB83C91E-7CD1-49D5-BFEA-4911D477D7D8}.Debug|Any CPU.ActiveCfg = Debug|Any CPU
		{EB83C91E-7CD1-49D5-BFEA-4911D477D7D8}.Debug|Any CPU.Build.0 = Debug|Any CPU
		{EB83C91E-7CD1-49D5-BFEA-4911D477D7D8}.Release|Any CPU.ActiveCfg = Release|Any CPU
		{EB83C91E-7CD1-49D5-BFEA-4911D477D7D8}.Release|Any CPU.Build.0 = Release|Any CPU
		{796E8035-77FF-41DE-9D20-558C18E40FC5}.Debug|Any CPU.ActiveCfg = Debug|Any CPU
		{796E8035-77FF-41DE-9D20-558C18E40FC5}.Debug|Any CPU.Build.0 = Debug|Any CPU
		{796E8035-77FF-41DE-9D20-558C18E40FC5}.Release|Any CPU.ActiveCfg = Release|Any CPU
		{796E8035-77FF-41DE-9D20-558C18E40FC5}.Release|Any CPU.Build.0 = Release|Any CPU
	EndGlobalSection
	GlobalSection(SolutionProperties) = preSolution
		HideSolutionNode = FALSE
	EndGlobalSection
EndGlobal
